
Microsoft Visual Studio Solution File, Format Version 12.00
# Visual Studio 15
VisualStudioVersion = 15.0.28010.2016
MinimumVisualStudioVersion = 10.0.40219.1
Project("{8BC9CEB8-8B4A-11D0-8D11-00A0C91BC942}") = "Study01", "Study01\Study01.vcxproj", "{DB7F9353-9069-4650-88E0-143FA28FBA84}"
EndProject
Project("{8BC9CEB8-8B4A-11D0-8D11-00A0C91BC942}") = "Study02", "Study02\Study02.vcxproj", "{89742245-F545-4F4A-959F-D9C7640AE14C}"
EndProject
Project("{8BC9CEB8-8B4A-11D0-8D11-00A0C91BC942}") = "Study03", "Study03\Study03.vcxproj", "{86E5CA68-1C64-4F77-992D-8F7E16C7FC92}"
EndProject
Project("{8BC9CEB8-8B4A-11D0-8D11-00A0C91BC942}") = "Study04", "Study04\Study04.vcxproj", "{D9E8BBC6-BEF4-436F-8A7A-1218BF934A3A}"
EndProject
Global
	GlobalSection(SolutionConfigurationPlatforms) = preSolution
		Debug|x64 = Debug|x64
		Release|x64 = Release|x64
	EndGlobalSection
	GlobalSection(ProjectConfigurationPlatforms) = postSolution
		{DB7F9353-9069-4650-88E0-143FA28FBA84}.Debug|x64.ActiveCfg = Debug|x64
		{DB7F9353-9069-4650-88E0-143FA28FBA84}.Debug|x64.Build.0 = Debug|x64
		{DB7F9353-9069-4650-88E0-143FA28FBA84}.Release|x64.ActiveCfg = Release|x64
		{DB7F9353-9069-4650-88E0-143FA28FBA84}.Release|x64.Build.0 = Release|x64
		{89742245-F545-4F4A-959F-D9C7640AE14C}.Debug|x64.ActiveCfg = Debug|x64
		{89742245-F545-4F4A-959F-D9C7640AE14C}.Debug|x64.Build.0 = Debug|x64
		{89742245-F545-4F4A-959F-D9C7640AE14C}.Release|x64.ActiveCfg = Release|x64
		{89742245-F545-4F4A-959F-D9C7640AE14C}.Release|x64.Build.0 = Release|x64
		{86E5CA68-1C64-4F77-992D-8F7E16C7FC92}.Debug|x64.ActiveCfg = Debug|x64
		{86E5CA68-1C64-4F77-992D-8F7E16C7FC92}.Debug|x64.Build.0 = Debug|x64
		{86E5CA68-1C64-4F77-992D-8F7E16C7FC92}.Release|x64.ActiveCfg = Release|x64
		{86E5CA68-1C64-4F77-992D-8F7E16C7FC92}.Release|x64.Build.0 = Release|x64
		{D9E8BBC6-BEF4-436F-8A7A-1218BF934A3A}.Debug|x64.ActiveCfg = Debug|x64
		{D9E8BBC6-BEF4-436F-8A7A-1218BF934A3A}.Debug|x64.Build.0 = Debug|x64
		{D9E8BBC6-BEF4-436F-8A7A-1218BF934A3A}.Release|x64.ActiveCfg = Release|x64
		{D9E8BBC6-BEF4-436F-8A7A-1218BF934A3A}.Release|x64.Build.0 = Release|x64
	EndGlobalSection
	GlobalSection(SolutionProperties) = preSolution
		HideSolutionNode = FALSE
	EndGlobalSection
	GlobalSection(ExtensibilityGlobals) = postSolution
		SolutionGuid = {69CBF22E-EE9C-47C4-97AC-0C451AF38DDD}
	EndGlobalSection
EndGlobal
