
Microsoft Visual Studio Solution File, Format Version 12.00
# Visual Studio 15
VisualStudioVersion = 15.0.28010.2016
MinimumVisualStudioVersion = 10.0.40219.1
Project("{8BC9CEB8-8B4A-11D0-8D11-00A0C91BC942}") = "Study01", "Study01\Study01.vcxproj", "{DB7F9353-9069-4650-88E0-143FA28FBA84}"
EndProject
Global
	GlobalSection(SolutionConfigurationPlatforms) = preSolution
		Debug|x64 = Debug|x64
		Debug|x86 = Debug|x86
		Release|x64 = Release|x64
		Release|x86 = Release|x86
	EndGlobalSection
	GlobalSection(ProjectConfigurationPlatforms) = postSolution
		{DB7F9353-9069-4650-88E0-143FA28FBA84}.Debug|x64.ActiveCfg = Debug|x64
		{DB7F9353-9069-4650-88E0-143FA28FBA84}.Debug|x64.Build.0 = Debug|x64
		{DB7F9353-9069-4650-88E0-143FA28FBA84}.Debug|x86.ActiveCfg = Debug|Win32
		{DB7F9353-9069-4650-88E0-143FA28FBA84}.Debug|x86.Build.0 = Debug|Win32
		{DB7F9353-9069-4650-88E0-143FA28FBA84}.Release|x64.ActiveCfg = Release|x64
		{DB7F9353-9069-4650-88E0-143FA28FBA84}.Release|x64.Build.0 = Release|x64
		{DB7F9353-9069-4650-88E0-143FA28FBA84}.Release|x86.ActiveCfg = Release|Win32
		{DB7F9353-9069-4650-88E0-143FA28FBA84}.Release|x86.Build.0 = Release|Win32
	EndGlobalSection
	GlobalSection(SolutionProperties) = preSolution
		HideSolutionNode = FALSE
	EndGlobalSection
	GlobalSection(ExtensibilityGlobals) = postSolution
		SolutionGuid = {69CBF22E-EE9C-47C4-97AC-0C451AF38DDD}
	EndGlobalSection
EndGlobal
